lockfileVersion: 5.3

specifiers:
  vite-plugin-remove-console: ^1.0.3

devDependencies:
  vite-plugin-remove-console: 1.0.3

packages:

  /vite-plugin-remove-console/1.0.3:
    resolution: {integrity: sha512-kkQ2Kd23FTCu8u4ufnonhXzAU5COOP2HLscv35qGN2GrUev1CyVWE0Jilm/iGZLkx7gvHSTCKy2HX8GoK+FmMQ==}
    dev: true
